# This file is automatically @generated by Poetry 1.7.1 and should not be changed by hand.

[[package]]
name = "anyio"
version = "4.5.2"
description = "High level compatibility layer for multiple asynchronous event loop implementations"
optional = false
python-versions = ">=3.8"
files = [
    {file = "anyio-4.5.2-py3-none-any.whl", hash = "sha256:c011ee36bc1e8ba40e5a81cb9df91925c218fe9b778554e0b56a21e1b5d4716f"},
    {file = "anyio-4.5.2.tar.gz", hash = "sha256:23009af4ed04ce05991845451e11ef02fc7c5ed29179ac9a420e5ad0ac7ddc5b"},
]

[package.dependencies]
exceptiongroup = {version = ">=1.0.2", markers = "python_version < \"3.11\""}
idna = ">=2.8"
sniffio = ">=1.1"
typing-extensions = {version = ">=4.1", markers = "python_version < \"3.11\""}

[package.extras]
doc = ["Sphinx (>=7.4,<8.0)", "packaging", "sphinx-autodoc-typehints (>=1.2.0)", "sphinx-rtd-theme"]
test = ["anyio[trio]", "coverage[toml] (>=7)", "exceptiongroup (>=1.2.0)", "hypothesis (>=4.0)", "psutil (>=5.9)", "pytest (>=7.0)", "pytest-mock (>=3.6.1)", "trustme", "truststore (>=0.9.1)", "uvloop (>=0.21.0b1)"]
trio = ["trio (>=0.26.1)"]

[[package]]
name = "click"
version = "8.1.7"
description = "Composable command line interface toolkit"
optional = false
python-versions = ">=3.7"
files = [
    {file = "click-8.1.7-py3-none-any.whl", hash = "sha256:ae74fb96c20a0277a1d615f1e4d73c8414f5a98db8b799a7931d1582f3390c28"},
    {file = "click-8.1.7.tar.gz", hash = "sha256:ca9853ad459e787e2192211578cc907e7594e294c7ccc834310722b41b9ca6de"},
]

[package.dependencies]
colorama = {version = "*", markers = "platform_system == \"Windows\""}

[[package]]
name = "colorama"
version = "0.4.6"
description = "Cross-platform colored terminal text."
optional = false
python-versions = "!=3.0.*,!=3.1.*,!=3.2.*,!=3.3.*,!=3.4.*,!=3.5.*,!=3.6.*,>=2.7"
files = [
    {file = "colorama-0.4.6-py2.py3-none-any.whl", hash = "sha256:4f1d9991f5acc0ca119f9d443620b77f9d6b33703e51011c16baf57afb285fc6"},
    {file = "colorama-0.4.6.tar.gz", hash = "sha256:08695f5cb7ed6e0531a20572697297273c47b8cae5a63ffc6d6ed5c201be6e44"},
]

[[package]]
name = "exceptiongroup"
version = "1.2.2"
description = "Backport of PEP 654 (exception groups)"
optional = false
python-versions = ">=3.7"
files = [
    {file = "exceptiongroup-1.2.2-py3-none-any.whl", hash = "sha256:3111b9d131c238bec2f8f516e123e14ba243563fb135d3fe885990585aa7795b"},
    {file = "exceptiongroup-1.2.2.tar.gz", hash = "sha256:47c2edf7c6738fafb49fd34290706d1a1a2f4d1c6df275526b62cbb4aa5393cc"},
]

[package.extras]
test = ["pytest (>=6)"]

[[package]]
name = "gunicorn"
version = "21.2.0"
description = "WSGI HTTP Server for UNIX"
optional = false
python-versions = ">=3.5"
files = [
    {file = "gunicorn-21.2.0-py3-none-any.whl", hash = "sha256:3213aa5e8c24949e792bcacfc176fef362e7aac80b76c56f6b5122bf350722f0"},
    {file = "gunicorn-21.2.0.tar.gz", hash = "sha256:88ec8bff1d634f98e61b9f65bc4bf3cd918a90806c6f5c48bc5603849ec81033"},
]

[package.dependencies]
packaging = "*"

[package.extras]
eventlet = ["eventlet (>=0.24.1)"]
gevent = ["gevent (>=1.4.0)"]
setproctitle = ["setproctitle"]
tornado = ["tornado (>=0.2)"]

[[package]]
name = "h11"
version = "0.14.0"
description = "A pure-Python, bring-your-own-I/O implementation of HTTP/1.1"
optional = false
python-versions = ">=3.7"
files = [
    {file = "h11-0.14.0-py3-none-any.whl", hash = "sha256:e3fe4ac4b851c468cc8363d500db52c2ead036020723024a109d37346efaa761"},
    {file = "h11-0.14.0.tar.gz", hash = "sha256:8f19fbbe99e72420ff35c00b27a34cb9937e902a8b810e2c88300c6f0a3b699d"},
]

[[package]]
name = "idna"
version = "3.10"
description = "Internationalized Domain Names in Applications (IDNA)"
optional = false
python-versions = ">=3.6"
files = [
    {file = "idna-3.10-py3-none-any.whl", hash = "sha256:946d195a0d259cbba61165e88e65941f16e9b36ea6ddb97f00452bae8b1287d3"},
    {file = "idna-3.10.tar.gz", hash = "sha256:12f65c9b470abda6dc35cf8e63cc574b1c52b11df2c86030af0ac09b01b13ea9"},
]

[package.extras]
all = ["flake8 (>=7.1.1)", "mypy (>=1.11.2)", "pytest (>=8.3.2)", "ruff (>=0.6.2)"]

[[package]]
name = "packaging"
version = "24.2"
description = "Core utilities for Python packages"
optional = false
python-versions = ">=3.8"
files = [
    {file = "packaging-24.2-py3-none-any.whl", hash = "sha256:09abb1bccd265c01f4a3aa3f7a7db064b36514d2cba19a2f694fe6150451a759"},
    {file = "packaging-24.2.tar.gz", hash = "sha256:c228a6dc5e932d346bc5739379109d49e8853dd8223571c7c5b55260edc0b97f"},
]

[[package]]
name = "pydantic"
version = "1.10.9"
description = "Data validation and settings management using python type hints"
optional = false
python-versions = ">=3.7"
files = [
    {file = "pydantic-1.10.9-cp310-cp310-macosx_10_9_x86_64.whl", hash = "sha256:e692dec4a40bfb40ca530e07805b1208c1de071a18d26af4a2a0d79015b352ca"},
    {file = "pydantic-1.10.9-cp310-cp310-macosx_11_0_arm64.whl", hash = "sha256:3c52eb595db83e189419bf337b59154bdcca642ee4b2a09e5d7797e41ace783f"},
    {file = "pydantic-1.10.9-cp310-cp310-manylinux_2_17_x86_64.manylinux2014_x86_64.whl", hash = "sha256:939328fd539b8d0edf244327398a667b6b140afd3bf7e347cf9813c736211896"},
    {file = "pydantic-1.10.9-cp310-cp310-manylinux_2_5_i686.manylinux1_i686.manylinux_2_17_i686.manylinux2014_i686.whl", hash = "sha256:b48d3d634bca23b172f47f2335c617d3fcb4b3ba18481c96b7943a4c634f5c8d"},
    {file = "pydantic-1.10.9-cp310-cp310-musllinux_1_1_i686.whl", hash = "sha256:f0b7628fb8efe60fe66fd4adadd7ad2304014770cdc1f4934db41fe46cc8825f"},
    {file = "pydantic-1.10.9-cp310-cp310-musllinux_1_1_x86_64.whl", hash = "sha256:e1aa5c2410769ca28aa9a7841b80d9d9a1c5f223928ca8bec7e7c9a34d26b1d4"},
    {file = "pydantic-1.10.9-cp310-cp310-win_amd64.whl", hash = "sha256:eec39224b2b2e861259d6f3c8b6290d4e0fbdce147adb797484a42278a1a486f"},
    {file = "pydantic-1.10.9-cp311-cp311-macosx_10_9_x86_64.whl", hash = "sha256:d111a21bbbfd85c17248130deac02bbd9b5e20b303338e0dbe0faa78330e37e0"},
    {file = "pydantic-1.10.9-cp311-cp311-macosx_11_0_arm64.whl", hash = "sha256:2e9aec8627a1a6823fc62fb96480abe3eb10168fd0d859ee3d3b395105ae19a7"},
    {file = "pydantic-1.10.9-cp311-cp311-manylinux_2_17_x86_64.manylinux2014_x86_64.whl", hash = "sha256:07293ab08e7b4d3c9d7de4949a0ea571f11e4557d19ea24dd3ae0c524c0c334d"},
    {file = "pydantic-1.10.9-cp311-cp311-manylinux_2_5_i686.manylinux1_i686.manylinux_2_17_i686.manylinux2014_i686.whl", hash = "sha256:7ee829b86ce984261d99ff2fd6e88f2230068d96c2a582f29583ed602ef3fc2c"},
    {file = "pydantic-1.10.9-cp311-cp311-musllinux_1_1_i686.whl", hash = "sha256:4b466a23009ff5cdd7076eb56aca537c745ca491293cc38e72bf1e0e00de5b91"},
    {file = "pydantic-1.10.9-cp311-cp311-musllinux_1_1_x86_64.whl", hash = "sha256:7847ca62e581e6088d9000f3c497267868ca2fa89432714e21a4fb33a04d52e8"},
    {file = "pydantic-1.10.9-cp311-cp311-win_amd64.whl", hash = "sha256:7845b31959468bc5b78d7b95ec52fe5be32b55d0d09983a877cca6aedc51068f"},
    {file = "pydantic-1.10.9-cp37-cp37m-macosx_10_9_x86_64.whl", hash = "sha256:517a681919bf880ce1dac7e5bc0c3af1e58ba118fd774da2ffcd93c5f96eaece"},
    {file = "pydantic-1.10.9-cp37-cp37m-manylinux_2_17_x86_64.manylinux2014_x86_64.whl", hash = "sha256:67195274fd27780f15c4c372f4ba9a5c02dad6d50647b917b6a92bf00b3d301a"},
    {file = "pydantic-1.10.9-cp37-cp37m-manylinux_2_5_i686.manylinux1_i686.manylinux_2_17_i686.manylinux2014_i686.whl", hash = "sha256:2196c06484da2b3fded1ab6dbe182bdabeb09f6318b7fdc412609ee2b564c49a"},
    {file = "pydantic-1.10.9-cp37-cp37m-musllinux_1_1_i686.whl", hash = "sha256:6257bb45ad78abacda13f15bde5886efd6bf549dd71085e64b8dcf9919c38b60"},
    {file = "pydantic-1.10.9-cp37-cp37m-musllinux_1_1_x86_64.whl", hash = "sha256:3283b574b01e8dbc982080d8287c968489d25329a463b29a90d4157de4f2baaf"},
    {file = "pydantic-1.10.9-cp37-cp37m-win_amd64.whl", hash = "sha256:5f8bbaf4013b9a50e8100333cc4e3fa2f81214033e05ac5aa44fa24a98670a29"},
    {file = "pydantic-1.10.9-cp38-cp38-macosx_10_9_x86_64.whl", hash = "sha256:b9cd67fb763248cbe38f0593cd8611bfe4b8ad82acb3bdf2b0898c23415a1f82"},
    {file = "pydantic-1.10.9-cp38-cp38-macosx_11_0_arm64.whl", hash = "sha256:f50e1764ce9353be67267e7fd0da08349397c7db17a562ad036aa7c8f4adfdb6"},
    {file = "pydantic-1.10.9-cp38-cp38-manylinux_2_17_x86_64.manylinux2014_x86_64.whl", hash = "sha256:73ef93e5e1d3c8e83f1ff2e7fdd026d9e063c7e089394869a6e2985696693766"},
    {file = "pydantic-1.10.9-cp38-cp38-manylinux_2_5_i686.manylinux1_i686.manylinux_2_17_i686.manylinux2014_i686.whl", hash = "sha256:128d9453d92e6e81e881dd7e2484e08d8b164da5507f62d06ceecf84bf2e21d3"},
    {file = "pydantic-1.10.9-cp38-cp38-musllinux_1_1_i686.whl", hash = "sha256:ad428e92ab68798d9326bb3e5515bc927444a3d71a93b4a2ca02a8a5d795c572"},
    {file = "pydantic-1.10.9-cp38-cp38-musllinux_1_1_x86_64.whl", hash = "sha256:fab81a92f42d6d525dd47ced310b0c3e10c416bbfae5d59523e63ea22f82b31e"},
    {file = "pydantic-1.10.9-cp38-cp38-win_amd64.whl", hash = "sha256:963671eda0b6ba6926d8fc759e3e10335e1dc1b71ff2a43ed2efd6996634dafb"},
    {file = "pydantic-1.10.9-cp39-cp39-macosx_10_9_x86_64.whl", hash = "sha256:970b1bdc6243ef663ba5c7e36ac9ab1f2bfecb8ad297c9824b542d41a750b298"},
    {file = "pydantic-1.10.9-cp39-cp39-macosx_11_0_arm64.whl", hash = "sha256:7e1d5290044f620f80cf1c969c542a5468f3656de47b41aa78100c5baa2b8276"},
    {file = "pydantic-1.10.9-cp39-cp39-manylinux_2_17_x86_64.manylinux2014_x86_64.whl", hash = "sha256:83fcff3c7df7adff880622a98022626f4f6dbce6639a88a15a3ce0f96466cb60"},
    {file = "pydantic-1.10.9-cp39-cp39-manylinux_2_5_i686.manylinux1_i686.manylinux_2_17_i686.manylinux2014_i686.whl", hash = "sha256:0da48717dc9495d3a8f215e0d012599db6b8092db02acac5e0d58a65248ec5bc"},
    {file = "pydantic-1.10.9-cp39-cp39-musllinux_1_1_i686.whl", hash = "sha256:0a2aabdc73c2a5960e87c3ffebca6ccde88665616d1fd6d3db3178ef427b267a"},
    {file = "pydantic-1.10.9-cp39-cp39-musllinux_1_1_x86_64.whl", hash = "sha256:9863b9420d99dfa9c064042304868e8ba08e89081428a1c471858aa2af6f57c4"},
    {file = "pydantic-1.10.9-cp39-cp39-win_amd64.whl", hash = "sha256:e7c9900b43ac14110efa977be3da28931ffc74c27e96ee89fbcaaf0b0fe338e1"},
    {file = "pydantic-1.10.9-py3-none-any.whl", hash = "sha256:6cafde02f6699ce4ff643417d1a9223716ec25e228ddc3b436fe7e2d25a1f305"},
    {file = "pydantic-1.10.9.tar.gz", hash = "sha256:95c70da2cd3b6ddf3b9645ecaa8d98f3d80c606624b6d245558d202cd23ea3be"},
]

[package.dependencies]
typing-extensions = ">=4.2.0"

[package.extras]
dotenv = ["python-dotenv (>=0.10.4)"]
email = ["email-validator (>=1.0.3)"]

[[package]]
name = "python-json-logger"
version = "3.2.0"
description = "JSON Log Formatter for the Python Logging Package"
optional = false
python-versions = ">=3.8"
files = [
    {file = "python_json_logger-3.2.0-py3-none-any.whl", hash = "sha256:d73522ddcfc6d0461394120feaddea9025dc64bf804d96357dd42fa878cc5fe8"},
    {file = "python_json_logger-3.2.0.tar.gz", hash = "sha256:2c11056458d3f56614480b24e9cb28f7aba69cbfbebddbb77c92f0ec0d4947ab"},
]

[package.dependencies]
typing_extensions = {version = "*", markers = "python_version < \"3.10\""}

[package.extras]
dev = ["backports.zoneinfo", "black", "build", "freezegun", "mdx_truly_sane_lists", "mike", "mkdocs", "mkdocs-awesome-pages-plugin", "mkdocs-gen-files", "mkdocs-literate-nav", "mkdocs-material (>=8.5)", "mkdocstrings[python]", "msgspec", "msgspec-python313-pre", "mypy", "orjson", "pylint", "pytest", "tzdata", "validate-pyproject[all]"]

[[package]]
name = "sniffio"
version = "1.3.1"
description = "Sniff out which async library your code is running under"
optional = false
python-versions = ">=3.7"
files = [
    {file = "sniffio-1.3.1-py3-none-any.whl", hash = "sha256:2f6da418d1f1e0fddd844478f41680e794e6051915791a034ff65e5f100525a2"},
    {file = "sniffio-1.3.1.tar.gz", hash = "sha256:f4324edc670a0f49750a81b895f35c3adb843cca46f0530f79fc1babb23789dc"},
]

[[package]]
name = "starlette"
version = "0.41.3"
description = "The little ASGI library that shines."
optional = false
python-versions = ">=3.8"
files = [
    {file = "starlette-0.41.3-py3-none-any.whl", hash = "sha256:44cedb2b7c77a9de33a8b74b2b90e9f50d11fcf25d8270ea525ad71a25374ff7"},
    {file = "starlette-0.41.3.tar.gz", hash = "sha256:0e4ab3d16522a255be6b28260b938eae2482f98ce5cc934cb08dce8dc3ba5835"},
]

[package.dependencies]
anyio = ">=3.4.0,<5"
typing-extensions = {version = ">=3.10.0", markers = "python_version < \"3.10\""}

[package.extras]
full = ["httpx (>=0.22.0)", "itsdangerous", "jinja2", "python-multipart (>=0.0.7)", "pyyaml"]

[[package]]
name = "typing-extensions"
version = "4.12.2"
description = "Backported and Experimental Type Hints for Python 3.8+"
optional = false
python-versions = ">=3.8"
files = [
    {file = "typing_extensions-4.12.2-py3-none-any.whl", hash = "sha256:04e5ca0351e0f3f85c6853954072df659d0d13fac324d0072316b67d7794700d"},
    {file = "typing_extensions-4.12.2.tar.gz", hash = "sha256:1a7ead55c7e559dd4dee8856e3a88b41225abfe1ce8df57b7c13915fe121ffb8"},
]

[[package]]
name = "uvicorn"
version = "0.23.2"
description = "The lightning-fast ASGI server."
optional = false
python-versions = ">=3.8"
files = [
    {file = "uvicorn-0.23.2-py3-none-any.whl", hash = "sha256:1f9be6558f01239d4fdf22ef8126c39cb1ad0addf76c40e760549d2c2f43ab53"},
    {file = "uvicorn-0.23.2.tar.gz", hash = "sha256:4d3cc12d7727ba72b64d12d3cc7743124074c0a69f7b201512fc50c3e3f1569a"},
]

[package.dependencies]
click = ">=7.0"
h11 = ">=0.8"
typing-extensions = {version = ">=4.0", markers = "python_version < \"3.11\""}

[package.extras]
standard = ["colorama (>=0.4)", "httptools (>=0.5.0)", "python-dotenv (>=0.13)", "pyyaml (>=5.1)", "uvloop (>=0.14.0,!=0.15.0,!=0.15.1)", "watchfiles (>=0.13)", "websockets (>=10.4)"]

[metadata]
lock-version = "2.0"
python-versions = "^3.8"
content-hash = "d6f654cf27911ea9f3bc393b6ae9dd0b98f69373e22b0b5ec4327e0137444b97"
